{
  "version": 4,
  "terraform_version": "1.4.6",
  "serial": 7,
  "lineage": "8a620778-9bf3-8d9c-0183-1024434db0b3",
  "outputs": {},
  "resources": [
    {
      "mode": "managed",
      "type": "azurerm_resource_group",
      "name": "storeBackend",
      "provider": "provider[\"registry.terraform.io/hashicorp/azurerm\"]",
      "instances": [
        {
          "schema_version": 0,
          "attributes": {
            "id": "/subscriptions/f8db0501-e2fe-49e4-abfa-e70745b53732/resourceGroups/limpingThropies",
            "location": "centralus",
            "name": "limpingThropies",
            "tags": {},
            "timeouts": null
          },
          "sensitive_attributes": [],
          "private": "eyJlMmJmYjczMC1lY2FhLTExZTYtOGY4OC0zNDM2M2JjN2M0YzAiOnsiY3JlYXRlIjo1NDAwMDAwMDAwMDAwLCJkZWxldGUiOjU0MDAwMDAwMDAwMDAsInJlYWQiOjMwMDAwMDAwMDAwMCwidXBkYXRlIjo1NDAwMDAwMDAwMDAwfX0="
        }
      ]
    },
    {
      "mode": "managed",
      "type": "azurerm_storage_account",
      "name": "syntheticStorage",
      "provider": "provider[\"registry.terraform.io/hashicorp/azurerm\"]",
      "instances": [
        {
          "schema_version": 3,
          "attributes": {
            "access_tier": "Hot",
            "account_kind": "StorageV2",
            "account_replication_type": "GRS",
            "account_tier": "Standard",
            "allow_nested_items_to_be_public": true,
            "allowed_copy_scope": "",
            "azure_files_authentication": [],
            "blob_properties": [
              {
                "change_feed_enabled": false,
                "change_feed_retention_in_days": 0,
                "container_delete_retention_policy": [],
                "cors_rule": [],
                "default_service_version": "",
                "delete_retention_policy": [],
                "last_access_time_enabled": false,
                "restore_policy": [],
                "versioning_enabled": false
              }
            ],
            "cross_tenant_replication_enabled": true,
            "custom_domain": [],
            "customer_managed_key": [],
            "default_to_oauth_authentication": false,
            "edge_zone": "",
            "enable_https_traffic_only": true,
            "id": "/subscriptions/f8db0501-e2fe-49e4-abfa-e70745b53732/resourceGroups/limpingThropies/providers/Microsoft.Storage/storageAccounts/synth3tic9st0rage",
            "identity": [],
            "immutability_policy": [],
            "infrastructure_encryption_enabled": false,
            "is_hns_enabled": false,
            "large_file_share_enabled": null,
            "location": "centralus",
            "min_tls_version": "TLS1_2",
            "name": "synth3tic9st0rage",
            "network_rules": [
              {
                "bypass": [
                  "AzureServices"
                ],
                "default_action": "Allow",
                "ip_rules": [],
                "private_link_access": [],
                "virtual_network_subnet_ids": []
              }
            ],
            "nfsv3_enabled": false,
            "primary_access_key": "bWxeI8ekk9sgDc941G8p0AzGm9KV3gT2gyYxpROFKFRG11c1gZjpYjEyznyNSyZnUCDkx/uO1/0m+AStp5u4Kw==",
            "primary_blob_connection_string": "DefaultEndpointsProtocol=https;BlobEndpoint=https://synth3tic9st0rage.blob.core.windows.net/;AccountName=synth3tic9st0rage;AccountKey=bWxeI8ekk9sgDc941G8p0AzGm9KV3gT2gyYxpROFKFRG11c1gZjpYjEyznyNSyZnUCDkx/uO1/0m+AStp5u4Kw==",
            "primary_blob_endpoint": "https://synth3tic9st0rage.blob.core.windows.net/",
            "primary_blob_host": "synth3tic9st0rage.blob.core.windows.net",
            "primary_connection_string": "DefaultEndpointsProtocol=https;AccountName=synth3tic9st0rage;AccountKey=bWxeI8ekk9sgDc941G8p0AzGm9KV3gT2gyYxpROFKFRG11c1gZjpYjEyznyNSyZnUCDkx/uO1/0m+AStp5u4Kw==;EndpointSuffix=core.windows.net",
            "primary_dfs_endpoint": "https://synth3tic9st0rage.dfs.core.windows.net/",
            "primary_dfs_host": "synth3tic9st0rage.dfs.core.windows.net",
            "primary_file_endpoint": "https://synth3tic9st0rage.file.core.windows.net/",
            "primary_file_host": "synth3tic9st0rage.file.core.windows.net",
            "primary_location": "centralus",
            "primary_queue_endpoint": "https://synth3tic9st0rage.queue.core.windows.net/",
            "primary_queue_host": "synth3tic9st0rage.queue.core.windows.net",
            "primary_table_endpoint": "https://synth3tic9st0rage.table.core.windows.net/",
            "primary_table_host": "synth3tic9st0rage.table.core.windows.net",
            "primary_web_endpoint": "https://synth3tic9st0rage.z19.web.core.windows.net/",
            "primary_web_host": "synth3tic9st0rage.z19.web.core.windows.net",
            "public_network_access_enabled": true,
            "queue_encryption_key_type": "Service",
            "queue_properties": [
              {
                "cors_rule": [],
                "hour_metrics": [
                  {
                    "enabled": true,
                    "include_apis": true,
                    "retention_policy_days": 7,
                    "version": "1.0"
                  }
                ],
                "logging": [
                  {
                    "delete": false,
                    "read": false,
                    "retention_policy_days": 0,
                    "version": "1.0",
                    "write": false
                  }
                ],
                "minute_metrics": [
                  {
                    "enabled": false,
                    "include_apis": false,
                    "retention_policy_days": 0,
                    "version": "1.0"
                  }
                ]
              }
            ],
            "resource_group_name": "limpingThropies",
            "routing": [],
            "sas_policy": [],
            "secondary_access_key": "eok6BU6nzrP7eRqd96vdeEVCdvU57VvZXy3RoClGHbuxMmuPHsQVCdY/5aZrHcraUAp2aN9PZd5L+ASt59JCJg==",
            "secondary_blob_connection_string": "",
            "secondary_blob_endpoint": null,
            "secondary_blob_host": null,
            "secondary_connection_string": "DefaultEndpointsProtocol=https;AccountName=synth3tic9st0rage;AccountKey=eok6BU6nzrP7eRqd96vdeEVCdvU57VvZXy3RoClGHbuxMmuPHsQVCdY/5aZrHcraUAp2aN9PZd5L+ASt59JCJg==;EndpointSuffix=core.windows.net",
            "secondary_dfs_endpoint": null,
            "secondary_dfs_host": null,
            "secondary_file_endpoint": null,
            "secondary_file_host": null,
            "secondary_location": "eastus2",
            "secondary_queue_endpoint": null,
            "secondary_queue_host": null,
            "secondary_table_endpoint": null,
            "secondary_table_host": null,
            "secondary_web_endpoint": null,
            "secondary_web_host": null,
            "sftp_enabled": false,
            "share_properties": [
              {
                "cors_rule": [],
                "retention_policy": [
                  {
                    "days": 7
                  }
                ],
                "smb": []
              }
            ],
            "shared_access_key_enabled": true,
            "static_website": [],
            "table_encryption_key_type": "Service",
            "tags": {
              "name": "scaProject"
            },
            "timeouts": null
          },
          "sensitive_attributes": [],
          "private": "eyJlMmJmYjczMC1lY2FhLTExZTYtOGY4OC0zNDM2M2JjN2M0YzAiOnsiY3JlYXRlIjozNjAwMDAwMDAwMDAwLCJkZWxldGUiOjM2MDAwMDAwMDAwMDAsInJlYWQiOjMwMDAwMDAwMDAwMCwidXBkYXRlIjozNjAwMDAwMDAwMDAwfSwic2NoZW1hX3ZlcnNpb24iOiIzIn0=",
          "dependencies": [
            "azurerm_resource_group.storeBackend"
          ]
        }
      ]
    },
    {
      "mode": "managed",
      "type": "azurerm_storage_container",
      "name": "example",
      "provider": "provider[\"registry.terraform.io/hashicorp/azurerm\"]",
      "instances": [
        {
          "schema_version": 1,
          "attributes": {
            "container_access_type": "private",
            "has_immutability_policy": false,
            "has_legal_hold": false,
            "id": "https://synth3tic9st0rage.blob.core.windows.net/pulsy7appl35",
            "metadata": {},
            "name": "pulsy7appl35",
            "resource_manager_id": "/subscriptions/f8db0501-e2fe-49e4-abfa-e70745b53732/resourceGroups/limpingThropies/providers/Microsoft.Storage/storageAccounts/synth3tic9st0rage/blobServices/default/containers/pulsy7appl35",
            "storage_account_name": "synth3tic9st0rage",
            "timeouts": null
          },
          "sensitive_attributes": [],
          "private": "eyJlMmJmYjczMC1lY2FhLTExZTYtOGY4OC0zNDM2M2JjN2M0YzAiOnsiY3JlYXRlIjoxODAwMDAwMDAwMDAwLCJkZWxldGUiOjE4MDAwMDAwMDAwMDAsInJlYWQiOjMwMDAwMDAwMDAwMCwidXBkYXRlIjoxODAwMDAwMDAwMDAwfSwic2NoZW1hX3ZlcnNpb24iOiIxIn0=",
          "dependencies": [
            "azurerm_storage_account.syntheticStorage"
          ]
        }
      ]
    }
  ],
  "check_results": null
}
